
Microsoft Visual Studio Solution File, Format Version 12.00
# Visual Studio Version 16
VisualStudioVersion = 16.0.31515.178
MinimumVisualStudioVersion = 10.0.40219.1
Project("{FAE04EC0-301F-11D3-BF4B-00C04F79EFBC}") = "SideBar_Menu", "SideBar_Menu\SideBar_Menu.csproj", "{18C22A7B-0D9B-4CC7-A91A-32DAB6950DB5}"
EndProject
Global
	GlobalSection(SolutionConfigurationPlatforms) = preSolution
		Debug|Any CPU = Debug|Any CPU
		Release|Any CPU = Release|Any CPU
	EndGlobalSection
	GlobalSection(ProjectConfigurationPlatforms) = postSolution
		{18C22A7B-0D9B-4CC7-A91A-32DAB6950DB5}.Debug|Any CPU.ActiveCfg = Debug|Any CPU
		{18C22A7B-0D9B-4CC7-A91A-32DAB6950DB5}.Debug|Any CPU.Build.0 = Debug|Any CPU
		{18C22A7B-0D9B-4CC7-A91A-32DAB6950DB5}.Release|Any CPU.ActiveCfg = Release|Any CPU
		{18C22A7B-0D9B-4CC7-A91A-32DAB6950DB5}.Release|Any CPU.Build.0 = Release|Any CPU
	EndGlobalSection
	GlobalSection(SolutionProperties) = preSolution
		HideSolutionNode = FALSE
	EndGlobalSection
	GlobalSection(ExtensibilityGlobals) = postSolution
		SolutionGuid = {617B18DF-BE57-44F6-86A4-C5B77A43B54D}
	EndGlobalSection
EndGlobal
